
Microsoft Visual Studio Solution File, Format Version 12.00
# Visual Studio Version 16
VisualStudioVersion = 16.0.29123.88
MinimumVisualStudioVersion = 10.0.40219.1
Project("{FAE04EC0-301F-11D3-BF4B-00C04F79EFBC}") = "Cw2", "Cw2.csproj", "{2829A065-B735-4C15-A15F-9AB64670FC39}"
EndProject
Global
	GlobalSection(SolutionConfigurationPlatforms) = preSolution
		Debug|Any CPU = Debug|Any CPU
		Release|Any CPU = Release|Any CPU
	EndGlobalSection
	GlobalSection(ProjectConfigurationPlatforms) = postSolution
		{2829A065-B735-4C15-A15F-9AB64670FC39}.Debug|Any CPU.ActiveCfg = Debug|Any CPU
		{2829A065-B735-4C15-A15F-9AB64670FC39}.Debug|Any CPU.Build.0 = Debug|Any CPU
		{2829A065-B735-4C15-A15F-9AB64670FC39}.Release|Any CPU.ActiveCfg = Release|Any CPU
		{2829A065-B735-4C15-A15F-9AB64670FC39}.Release|Any CPU.Build.0 = Release|Any CPU
	EndGlobalSection
	GlobalSection(SolutionProperties) = preSolution
		HideSolutionNode = FALSE
	EndGlobalSection
	GlobalSection(ExtensibilityGlobals) = postSolution
		SolutionGuid = {2111F8FA-7481-4255-9FB1-5253BFED56E0}
	EndGlobalSection
EndGlobal
